
Microsoft Visual Studio Solution File, Format Version 12.00
# Visual Studio Version 17
VisualStudioVersion = 17.0.31903.59
MinimumVisualStudioVersion = 10.0.40219.1
Project("{FAE04EC0-301F-11D3-BF4B-00C04F79EFBC}") = "LearnOpenGL", "LearnOpenGL\LearnOpenGL.csproj", "{788BC457-EF05-4A5E-855C-B62C92183174}"
EndProject
Project("{FAE04EC0-301F-11D3-BF4B-00C04F79EFBC}") = "HelloTriangle", "HelloTriangle\HelloTriangle.csproj", "{8F61C5F1-0C33-4651-A836-CC0394724C19}"
EndProject
Project("{FAE04EC0-301F-11D3-BF4B-00C04F79EFBC}") = "HelloTriangleHomwork", "HelloTriangleHomwork\HelloTriangleHomwork.csproj", "{4D0E9203-7FD8-4E6D-9D55-3B9A0283DBF2}"
EndProject
Project("{2150E333-8FDC-42A3-9474-1A3956D46DE8}") = "GettingStarted", "GettingStarted", "{53F98431-B0D3-8B79-87E0-9BCA30189937}"
EndProject
Project("{FAE04EC0-301F-11D3-BF4B-00C04F79EFBC}") = "Shaders", "GettingStarted\Shaders\Shaders.csproj", "{0F14D8B3-33FD-4BAB-9D7B-5753F04D4041}"
EndProject
Project("{2150E333-8FDC-42A3-9474-1A3956D46DE8}") = "Common", "Common", "{79DA8559-31E0-4930-8895-2A3AFC813A70}"
EndProject
Project("{FAE04EC0-301F-11D3-BF4B-00C04F79EFBC}") = "Shader", "Common\Shader\Shader.csproj", "{CFA26A75-9276-4354-A3AC-BD7DCF73C97D}"
EndProject
Project("{FAE04EC0-301F-11D3-BF4B-00C04F79EFBC}") = "Textures", "GettingStarted\Textures\Textures.csproj", "{F3C2DFC1-AD80-48D0-9C09-99F1AC38AD14}"
EndProject
Project("{FAE04EC0-301F-11D3-BF4B-00C04F79EFBC}") = "Transformations", "GettingStarted\Transformations\Transformations.csproj", "{7F0C22FD-5E77-487D-B413-AA82EDA63A74}"
EndProject
Project("{FAE04EC0-301F-11D3-BF4B-00C04F79EFBC}") = "Common", "Common\Common\Common.csproj", "{2C99EF11-B5C6-4630-8FA9-6EEF6F165F48}"
EndProject
Project("{2150E333-8FDC-42A3-9474-1A3956D46DE8}") = "Lighting", "Lighting", "{80AB057D-87B1-47DE-85E7-01CCDC1A1212}"
EndProject
Project("{FAE04EC0-301F-11D3-BF4B-00C04F79EFBC}") = "Colors", "Lighting\Colors\Colors.csproj", "{0B5E441C-4557-422A-9752-BE3A9FBC3F1F}"
EndProject
Project("{FAE04EC0-301F-11D3-BF4B-00C04F79EFBC}") = "Basic Lighting", "Lighting\Basic Lighting\Basic Lighting.csproj", "{0829C294-B95C-4156-860E-F16B81BE97FB}"
EndProject
Project("{FAE04EC0-301F-11D3-BF4B-00C04F79EFBC}") = "Materials", "Lighting\Materials\Materials.csproj", "{F3DF345E-5A55-4774-9FFD-12696A7A459C}"
EndProject
Project("{FAE04EC0-301F-11D3-BF4B-00C04F79EFBC}") = "LightingMaps", "Lighting\LightingMaps\LightingMaps.csproj", "{4466EE31-F3B1-48F2-B5D3-D5DE01C4437F}"
EndProject
Project("{FAE04EC0-301F-11D3-BF4B-00C04F79EFBC}") = "LightCasters", "Lighting\LightCasters\LightCasters.csproj", "{63FD8F28-0C0C-43E8-9AD7-8F5C94FDE249}"
EndProject
Project("{2150E333-8FDC-42A3-9474-1A3956D46DE8}") = "ModelLoading", "ModelLoading", "{2F938EB3-DF40-4713-A019-639131F003FF}"
EndProject
Project("{FAE04EC0-301F-11D3-BF4B-00C04F79EFBC}") = "Mesh", "ModelLoading\Mesh\Mesh.csproj", "{FC324363-AE6E-4E0F-BF55-D82933967769}"
EndProject
Project("{2150E333-8FDC-42A3-9474-1A3956D46DE8}") = "Advanced", "Advanced", "{44A433B9-1C0D-433B-A794-41AA744250B5}"
EndProject
Project("{FAE04EC0-301F-11D3-BF4B-00C04F79EFBC}") = "DepthTesting", "Advanced\DepthTesting\DepthTesting.csproj", "{FEB68CC9-63C5-45FC-B183-AE255FF7D449}"
EndProject
Global
	GlobalSection(SolutionConfigurationPlatforms) = preSolution
		Debug|Any CPU = Debug|Any CPU
		Debug|x64 = Debug|x64
		Debug|x86 = Debug|x86
		Release|Any CPU = Release|Any CPU
		Release|x64 = Release|x64
		Release|x86 = Release|x86
	EndGlobalSection
	GlobalSection(ProjectConfigurationPlatforms) = postSolution
		{788BC457-EF05-4A5E-855C-B62C92183174}.Debug|Any CPU.ActiveCfg = Debug|Any CPU
		{788BC457-EF05-4A5E-855C-B62C92183174}.Debug|Any CPU.Build.0 = Debug|Any CPU
		{788BC457-EF05-4A5E-855C-B62C92183174}.Debug|x64.ActiveCfg = Debug|Any CPU
		{788BC457-EF05-4A5E-855C-B62C92183174}.Debug|x64.Build.0 = Debug|Any CPU
		{788BC457-EF05-4A5E-855C-B62C92183174}.Debug|x86.ActiveCfg = Debug|Any CPU
		{788BC457-EF05-4A5E-855C-B62C92183174}.Debug|x86.Build.0 = Debug|Any CPU
		{788BC457-EF05-4A5E-855C-B62C92183174}.Release|Any CPU.ActiveCfg = Release|Any CPU
		{788BC457-EF05-4A5E-855C-B62C92183174}.Release|Any CPU.Build.0 = Release|Any CPU
		{788BC457-EF05-4A5E-855C-B62C92183174}.Release|x64.ActiveCfg = Release|Any CPU
		{788BC457-EF05-4A5E-855C-B62C92183174}.Release|x64.Build.0 = Release|Any CPU
		{788BC457-EF05-4A5E-855C-B62C92183174}.Release|x86.ActiveCfg = Release|Any CPU
		{788BC457-EF05-4A5E-855C-B62C92183174}.Release|x86.Build.0 = Release|Any CPU
		{8F61C5F1-0C33-4651-A836-CC0394724C19}.Debug|Any CPU.ActiveCfg = Debug|Any CPU
		{8F61C5F1-0C33-4651-A836-CC0394724C19}.Debug|Any CPU.Build.0 = Debug|Any CPU
		{8F61C5F1-0C33-4651-A836-CC0394724C19}.Debug|x64.ActiveCfg = Debug|Any CPU
		{8F61C5F1-0C33-4651-A836-CC0394724C19}.Debug|x64.Build.0 = Debug|Any CPU
		{8F61C5F1-0C33-4651-A836-CC0394724C19}.Debug|x86.ActiveCfg = Debug|Any CPU
		{8F61C5F1-0C33-4651-A836-CC0394724C19}.Debug|x86.Build.0 = Debug|Any CPU
		{8F61C5F1-0C33-4651-A836-CC0394724C19}.Release|Any CPU.ActiveCfg = Release|Any CPU
		{8F61C5F1-0C33-4651-A836-CC0394724C19}.Release|Any CPU.Build.0 = Release|Any CPU
		{8F61C5F1-0C33-4651-A836-CC0394724C19}.Release|x64.ActiveCfg = Release|Any CPU
		{8F61C5F1-0C33-4651-A836-CC0394724C19}.Release|x64.Build.0 = Release|Any CPU
		{8F61C5F1-0C33-4651-A836-CC0394724C19}.Release|x86.ActiveCfg = Release|Any CPU
		{8F61C5F1-0C33-4651-A836-CC0394724C19}.Release|x86.Build.0 = Release|Any CPU
		{4D0E9203-7FD8-4E6D-9D55-3B9A0283DBF2}.Debug|Any CPU.ActiveCfg = Debug|Any CPU
		{4D0E9203-7FD8-4E6D-9D55-3B9A0283DBF2}.Debug|Any CPU.Build.0 = Debug|Any CPU
		{4D0E9203-7FD8-4E6D-9D55-3B9A0283DBF2}.Debug|x64.ActiveCfg = Debug|Any CPU
		{4D0E9203-7FD8-4E6D-9D55-3B9A0283DBF2}.Debug|x64.Build.0 = Debug|Any CPU
		{4D0E9203-7FD8-4E6D-9D55-3B9A0283DBF2}.Debug|x86.ActiveCfg = Debug|Any CPU
		{4D0E9203-7FD8-4E6D-9D55-3B9A0283DBF2}.Debug|x86.Build.0 = Debug|Any CPU
		{4D0E9203-7FD8-4E6D-9D55-3B9A0283DBF2}.Release|Any CPU.ActiveCfg = Release|Any CPU
		{4D0E9203-7FD8-4E6D-9D55-3B9A0283DBF2}.Release|Any CPU.Build.0 = Release|Any CPU
		{4D0E9203-7FD8-4E6D-9D55-3B9A0283DBF2}.Release|x64.ActiveCfg = Release|Any CPU
		{4D0E9203-7FD8-4E6D-9D55-3B9A0283DBF2}.Release|x64.Build.0 = Release|Any CPU
		{4D0E9203-7FD8-4E6D-9D55-3B9A0283DBF2}.Release|x86.ActiveCfg = Release|Any CPU
		{4D0E9203-7FD8-4E6D-9D55-3B9A0283DBF2}.Release|x86.Build.0 = Release|Any CPU
		{0F14D8B3-33FD-4BAB-9D7B-5753F04D4041}.Debug|Any CPU.ActiveCfg = Debug|Any CPU
		{0F14D8B3-33FD-4BAB-9D7B-5753F04D4041}.Debug|Any CPU.Build.0 = Debug|Any CPU
		{0F14D8B3-33FD-4BAB-9D7B-5753F04D4041}.Debug|x64.ActiveCfg = Debug|Any CPU
		{0F14D8B3-33FD-4BAB-9D7B-5753F04D4041}.Debug|x64.Build.0 = Debug|Any CPU
		{0F14D8B3-33FD-4BAB-9D7B-5753F04D4041}.Debug|x86.ActiveCfg = Debug|Any CPU
		{0F14D8B3-33FD-4BAB-9D7B-5753F04D4041}.Debug|x86.Build.0 = Debug|Any CPU
		{0F14D8B3-33FD-4BAB-9D7B-5753F04D4041}.Release|Any CPU.ActiveCfg = Release|Any CPU
		{0F14D8B3-33FD-4BAB-9D7B-5753F04D4041}.Release|Any CPU.Build.0 = Release|Any CPU
		{0F14D8B3-33FD-4BAB-9D7B-5753F04D4041}.Release|x64.ActiveCfg = Release|Any CPU
		{0F14D8B3-33FD-4BAB-9D7B-5753F04D4041}.Release|x64.Build.0 = Release|Any CPU
		{0F14D8B3-33FD-4BAB-9D7B-5753F04D4041}.Release|x86.ActiveCfg = Release|Any CPU
		{0F14D8B3-33FD-4BAB-9D7B-5753F04D4041}.Release|x86.Build.0 = Release|Any CPU
		{CFA26A75-9276-4354-A3AC-BD7DCF73C97D}.Debug|Any CPU.ActiveCfg = Debug|Any CPU
		{CFA26A75-9276-4354-A3AC-BD7DCF73C97D}.Debug|Any CPU.Build.0 = Debug|Any CPU
		{CFA26A75-9276-4354-A3AC-BD7DCF73C97D}.Debug|x64.ActiveCfg = Debug|Any CPU
		{CFA26A75-9276-4354-A3AC-BD7DCF73C97D}.Debug|x64.Build.0 = Debug|Any CPU
		{CFA26A75-9276-4354-A3AC-BD7DCF73C97D}.Debug|x86.ActiveCfg = Debug|Any CPU
		{CFA26A75-9276-4354-A3AC-BD7DCF73C97D}.Debug|x86.Build.0 = Debug|Any CPU
		{CFA26A75-9276-4354-A3AC-BD7DCF73C97D}.Release|Any CPU.ActiveCfg = Release|Any CPU
		{CFA26A75-9276-4354-A3AC-BD7DCF73C97D}.Release|Any CPU.Build.0 = Release|Any CPU
		{CFA26A75-9276-4354-A3AC-BD7DCF73C97D}.Release|x64.ActiveCfg = Release|Any CPU
		{CFA26A75-9276-4354-A3AC-BD7DCF73C97D}.Release|x64.Build.0 = Release|Any CPU
		{CFA26A75-9276-4354-A3AC-BD7DCF73C97D}.Release|x86.ActiveCfg = Release|Any CPU
		{CFA26A75-9276-4354-A3AC-BD7DCF73C97D}.Release|x86.Build.0 = Release|Any CPU
		{F3C2DFC1-AD80-48D0-9C09-99F1AC38AD14}.Debug|Any CPU.ActiveCfg = Debug|Any CPU
		{F3C2DFC1-AD80-48D0-9C09-99F1AC38AD14}.Debug|Any CPU.Build.0 = Debug|Any CPU
		{F3C2DFC1-AD80-48D0-9C09-99F1AC38AD14}.Debug|x64.ActiveCfg = Debug|Any CPU
		{F3C2DFC1-AD80-48D0-9C09-99F1AC38AD14}.Debug|x64.Build.0 = Debug|Any CPU
		{F3C2DFC1-AD80-48D0-9C09-99F1AC38AD14}.Debug|x86.ActiveCfg = Debug|Any CPU
		{F3C2DFC1-AD80-48D0-9C09-99F1AC38AD14}.Debug|x86.Build.0 = Debug|Any CPU
		{F3C2DFC1-AD80-48D0-9C09-99F1AC38AD14}.Release|Any CPU.ActiveCfg = Release|Any CPU
		{F3C2DFC1-AD80-48D0-9C09-99F1AC38AD14}.Release|Any CPU.Build.0 = Release|Any CPU
		{F3C2DFC1-AD80-48D0-9C09-99F1AC38AD14}.Release|x64.ActiveCfg = Release|Any CPU
		{F3C2DFC1-AD80-48D0-9C09-99F1AC38AD14}.Release|x64.Build.0 = Release|Any CPU
		{F3C2DFC1-AD80-48D0-9C09-99F1AC38AD14}.Release|x86.ActiveCfg = Release|Any CPU
		{F3C2DFC1-AD80-48D0-9C09-99F1AC38AD14}.Release|x86.Build.0 = Release|Any CPU
		{7F0C22FD-5E77-487D-B413-AA82EDA63A74}.Debug|Any CPU.ActiveCfg = Debug|Any CPU
		{7F0C22FD-5E77-487D-B413-AA82EDA63A74}.Debug|Any CPU.Build.0 = Debug|Any CPU
		{7F0C22FD-5E77-487D-B413-AA82EDA63A74}.Debug|x64.ActiveCfg = Debug|Any CPU
		{7F0C22FD-5E77-487D-B413-AA82EDA63A74}.Debug|x64.Build.0 = Debug|Any CPU
		{7F0C22FD-5E77-487D-B413-AA82EDA63A74}.Debug|x86.ActiveCfg = Debug|Any CPU
		{7F0C22FD-5E77-487D-B413-AA82EDA63A74}.Debug|x86.Build.0 = Debug|Any CPU
		{7F0C22FD-5E77-487D-B413-AA82EDA63A74}.Release|Any CPU.ActiveCfg = Release|Any CPU
		{7F0C22FD-5E77-487D-B413-AA82EDA63A74}.Release|Any CPU.Build.0 = Release|Any CPU
		{7F0C22FD-5E77-487D-B413-AA82EDA63A74}.Release|x64.ActiveCfg = Release|Any CPU
		{7F0C22FD-5E77-487D-B413-AA82EDA63A74}.Release|x64.Build.0 = Release|Any CPU
		{7F0C22FD-5E77-487D-B413-AA82EDA63A74}.Release|x86.ActiveCfg = Release|Any CPU
		{7F0C22FD-5E77-487D-B413-AA82EDA63A74}.Release|x86.Build.0 = Release|Any CPU
		{2C99EF11-B5C6-4630-8FA9-6EEF6F165F48}.Debug|Any CPU.ActiveCfg = Debug|Any CPU
		{2C99EF11-B5C6-4630-8FA9-6EEF6F165F48}.Debug|Any CPU.Build.0 = Debug|Any CPU
		{2C99EF11-B5C6-4630-8FA9-6EEF6F165F48}.Debug|x64.ActiveCfg = Debug|Any CPU
		{2C99EF11-B5C6-4630-8FA9-6EEF6F165F48}.Debug|x64.Build.0 = Debug|Any CPU
		{2C99EF11-B5C6-4630-8FA9-6EEF6F165F48}.Debug|x86.ActiveCfg = Debug|Any CPU
		{2C99EF11-B5C6-4630-8FA9-6EEF6F165F48}.Debug|x86.Build.0 = Debug|Any CPU
		{2C99EF11-B5C6-4630-8FA9-6EEF6F165F48}.Release|Any CPU.ActiveCfg = Release|Any CPU
		{2C99EF11-B5C6-4630-8FA9-6EEF6F165F48}.Release|Any CPU.Build.0 = Release|Any CPU
		{2C99EF11-B5C6-4630-8FA9-6EEF6F165F48}.Release|x64.ActiveCfg = Release|Any CPU
		{2C99EF11-B5C6-4630-8FA9-6EEF6F165F48}.Release|x64.Build.0 = Release|Any CPU
		{2C99EF11-B5C6-4630-8FA9-6EEF6F165F48}.Release|x86.ActiveCfg = Release|Any CPU
		{2C99EF11-B5C6-4630-8FA9-6EEF6F165F48}.Release|x86.Build.0 = Release|Any CPU
		{0B5E441C-4557-422A-9752-BE3A9FBC3F1F}.Debug|Any CPU.ActiveCfg = Debug|Any CPU
		{0B5E441C-4557-422A-9752-BE3A9FBC3F1F}.Debug|Any CPU.Build.0 = Debug|Any CPU
		{0B5E441C-4557-422A-9752-BE3A9FBC3F1F}.Debug|x64.ActiveCfg = Debug|Any CPU
		{0B5E441C-4557-422A-9752-BE3A9FBC3F1F}.Debug|x64.Build.0 = Debug|Any CPU
		{0B5E441C-4557-422A-9752-BE3A9FBC3F1F}.Debug|x86.ActiveCfg = Debug|Any CPU
		{0B5E441C-4557-422A-9752-BE3A9FBC3F1F}.Debug|x86.Build.0 = Debug|Any CPU
		{0B5E441C-4557-422A-9752-BE3A9FBC3F1F}.Release|Any CPU.ActiveCfg = Release|Any CPU
		{0B5E441C-4557-422A-9752-BE3A9FBC3F1F}.Release|Any CPU.Build.0 = Release|Any CPU
		{0B5E441C-4557-422A-9752-BE3A9FBC3F1F}.Release|x64.ActiveCfg = Release|Any CPU
		{0B5E441C-4557-422A-9752-BE3A9FBC3F1F}.Release|x64.Build.0 = Release|Any CPU
		{0B5E441C-4557-422A-9752-BE3A9FBC3F1F}.Release|x86.ActiveCfg = Release|Any CPU
		{0B5E441C-4557-422A-9752-BE3A9FBC3F1F}.Release|x86.Build.0 = Release|Any CPU
		{0829C294-B95C-4156-860E-F16B81BE97FB}.Debug|Any CPU.ActiveCfg = Debug|Any CPU
		{0829C294-B95C-4156-860E-F16B81BE97FB}.Debug|Any CPU.Build.0 = Debug|Any CPU
		{0829C294-B95C-4156-860E-F16B81BE97FB}.Debug|x64.ActiveCfg = Debug|Any CPU
		{0829C294-B95C-4156-860E-F16B81BE97FB}.Debug|x64.Build.0 = Debug|Any CPU
		{0829C294-B95C-4156-860E-F16B81BE97FB}.Debug|x86.ActiveCfg = Debug|Any CPU
		{0829C294-B95C-4156-860E-F16B81BE97FB}.Debug|x86.Build.0 = Debug|Any CPU
		{0829C294-B95C-4156-860E-F16B81BE97FB}.Release|Any CPU.ActiveCfg = Release|Any CPU
		{0829C294-B95C-4156-860E-F16B81BE97FB}.Release|Any CPU.Build.0 = Release|Any CPU
		{0829C294-B95C-4156-860E-F16B81BE97FB}.Release|x64.ActiveCfg = Release|Any CPU
		{0829C294-B95C-4156-860E-F16B81BE97FB}.Release|x64.Build.0 = Release|Any CPU
		{0829C294-B95C-4156-860E-F16B81BE97FB}.Release|x86.ActiveCfg = Release|Any CPU
		{0829C294-B95C-4156-860E-F16B81BE97FB}.Release|x86.Build.0 = Release|Any CPU
		{F3DF345E-5A55-4774-9FFD-12696A7A459C}.Debug|Any CPU.ActiveCfg = Debug|Any CPU
		{F3DF345E-5A55-4774-9FFD-12696A7A459C}.Debug|Any CPU.Build.0 = Debug|Any CPU
		{F3DF345E-5A55-4774-9FFD-12696A7A459C}.Debug|x64.ActiveCfg = Debug|Any CPU
		{F3DF345E-5A55-4774-9FFD-12696A7A459C}.Debug|x64.Build.0 = Debug|Any CPU
		{F3DF345E-5A55-4774-9FFD-12696A7A459C}.Debug|x86.ActiveCfg = Debug|Any CPU
		{F3DF345E-5A55-4774-9FFD-12696A7A459C}.Debug|x86.Build.0 = Debug|Any CPU
		{F3DF345E-5A55-4774-9FFD-12696A7A459C}.Release|Any CPU.ActiveCfg = Release|Any CPU
		{F3DF345E-5A55-4774-9FFD-12696A7A459C}.Release|Any CPU.Build.0 = Release|Any CPU
		{F3DF345E-5A55-4774-9FFD-12696A7A459C}.Release|x64.ActiveCfg = Release|Any CPU
		{F3DF345E-5A55-4774-9FFD-12696A7A459C}.Release|x64.Build.0 = Release|Any CPU
		{F3DF345E-5A55-4774-9FFD-12696A7A459C}.Release|x86.ActiveCfg = Release|Any CPU
		{F3DF345E-5A55-4774-9FFD-12696A7A459C}.Release|x86.Build.0 = Release|Any CPU
		{4466EE31-F3B1-48F2-B5D3-D5DE01C4437F}.Debug|Any CPU.ActiveCfg = Debug|Any CPU
		{4466EE31-F3B1-48F2-B5D3-D5DE01C4437F}.Debug|Any CPU.Build.0 = Debug|Any CPU
		{4466EE31-F3B1-48F2-B5D3-D5DE01C4437F}.Debug|x64.ActiveCfg = Debug|Any CPU
		{4466EE31-F3B1-48F2-B5D3-D5DE01C4437F}.Debug|x64.Build.0 = Debug|Any CPU
		{4466EE31-F3B1-48F2-B5D3-D5DE01C4437F}.Debug|x86.ActiveCfg = Debug|Any CPU
		{4466EE31-F3B1-48F2-B5D3-D5DE01C4437F}.Debug|x86.Build.0 = Debug|Any CPU
		{4466EE31-F3B1-48F2-B5D3-D5DE01C4437F}.Release|Any CPU.ActiveCfg = Release|Any CPU
		{4466EE31-F3B1-48F2-B5D3-D5DE01C4437F}.Release|Any CPU.Build.0 = Release|Any CPU
		{4466EE31-F3B1-48F2-B5D3-D5DE01C4437F}.Release|x64.ActiveCfg = Release|Any CPU
		{4466EE31-F3B1-48F2-B5D3-D5DE01C4437F}.Release|x64.Build.0 = Release|Any CPU
		{4466EE31-F3B1-48F2-B5D3-D5DE01C4437F}.Release|x86.ActiveCfg = Release|Any CPU
		{4466EE31-F3B1-48F2-B5D3-D5DE01C4437F}.Release|x86.Build.0 = Release|Any CPU
		{63FD8F28-0C0C-43E8-9AD7-8F5C94FDE249}.Debug|Any CPU.ActiveCfg = Debug|Any CPU
		{63FD8F28-0C0C-43E8-9AD7-8F5C94FDE249}.Debug|Any CPU.Build.0 = Debug|Any CPU
		{63FD8F28-0C0C-43E8-9AD7-8F5C94FDE249}.Debug|x64.ActiveCfg = Debug|Any CPU
		{63FD8F28-0C0C-43E8-9AD7-8F5C94FDE249}.Debug|x64.Build.0 = Debug|Any CPU
		{63FD8F28-0C0C-43E8-9AD7-8F5C94FDE249}.Debug|x86.ActiveCfg = Debug|Any CPU
		{63FD8F28-0C0C-43E8-9AD7-8F5C94FDE249}.Debug|x86.Build.0 = Debug|Any CPU
		{63FD8F28-0C0C-43E8-9AD7-8F5C94FDE249}.Release|Any CPU.ActiveCfg = Release|Any CPU
		{63FD8F28-0C0C-43E8-9AD7-8F5C94FDE249}.Release|Any CPU.Build.0 = Release|Any CPU
		{63FD8F28-0C0C-43E8-9AD7-8F5C94FDE249}.Release|x64.ActiveCfg = Release|Any CPU
		{63FD8F28-0C0C-43E8-9AD7-8F5C94FDE249}.Release|x64.Build.0 = Release|Any CPU
		{63FD8F28-0C0C-43E8-9AD7-8F5C94FDE249}.Release|x86.ActiveCfg = Release|Any CPU
		{63FD8F28-0C0C-43E8-9AD7-8F5C94FDE249}.Release|x86.Build.0 = Release|Any CPU
		{FC324363-AE6E-4E0F-BF55-D82933967769}.Debug|Any CPU.ActiveCfg = Debug|Any CPU
		{FC324363-AE6E-4E0F-BF55-D82933967769}.Debug|Any CPU.Build.0 = Debug|Any CPU
		{FC324363-AE6E-4E0F-BF55-D82933967769}.Debug|x64.ActiveCfg = Debug|Any CPU
		{FC324363-AE6E-4E0F-BF55-D82933967769}.Debug|x64.Build.0 = Debug|Any CPU
		{FC324363-AE6E-4E0F-BF55-D82933967769}.Debug|x86.ActiveCfg = Debug|Any CPU
		{FC324363-AE6E-4E0F-BF55-D82933967769}.Debug|x86.Build.0 = Debug|Any CPU
		{FC324363-AE6E-4E0F-BF55-D82933967769}.Release|Any CPU.ActiveCfg = Release|Any CPU
		{FC324363-AE6E-4E0F-BF55-D82933967769}.Release|Any CPU.Build.0 = Release|Any CPU
		{FC324363-AE6E-4E0F-BF55-D82933967769}.Release|x64.ActiveCfg = Release|Any CPU
		{FC324363-AE6E-4E0F-BF55-D82933967769}.Release|x64.Build.0 = Release|Any CPU
		{FC324363-AE6E-4E0F-BF55-D82933967769}.Release|x86.ActiveCfg = Release|Any CPU
		{FC324363-AE6E-4E0F-BF55-D82933967769}.Release|x86.Build.0 = Release|Any CPU
		{FEB68CC9-63C5-45FC-B183-AE255FF7D449}.Debug|Any CPU.ActiveCfg = Debug|Any CPU
		{FEB68CC9-63C5-45FC-B183-AE255FF7D449}.Debug|Any CPU.Build.0 = Debug|Any CPU
		{FEB68CC9-63C5-45FC-B183-AE255FF7D449}.Debug|x64.ActiveCfg = Debug|Any CPU
		{FEB68CC9-63C5-45FC-B183-AE255FF7D449}.Debug|x64.Build.0 = Debug|Any CPU
		{FEB68CC9-63C5-45FC-B183-AE255FF7D449}.Debug|x86.ActiveCfg = Debug|Any CPU
		{FEB68CC9-63C5-45FC-B183-AE255FF7D449}.Debug|x86.Build.0 = Debug|Any CPU
		{FEB68CC9-63C5-45FC-B183-AE255FF7D449}.Release|Any CPU.ActiveCfg = Release|Any CPU
		{FEB68CC9-63C5-45FC-B183-AE255FF7D449}.Release|Any CPU.Build.0 = Release|Any CPU
		{FEB68CC9-63C5-45FC-B183-AE255FF7D449}.Release|x64.ActiveCfg = Release|Any CPU
		{FEB68CC9-63C5-45FC-B183-AE255FF7D449}.Release|x64.Build.0 = Release|Any CPU
		{FEB68CC9-63C5-45FC-B183-AE255FF7D449}.Release|x86.ActiveCfg = Release|Any CPU
		{FEB68CC9-63C5-45FC-B183-AE255FF7D449}.Release|x86.Build.0 = Release|Any CPU
	EndGlobalSection
	GlobalSection(SolutionProperties) = preSolution
		HideSolutionNode = FALSE
	EndGlobalSection
	GlobalSection(NestedProjects) = preSolution
		{0F14D8B3-33FD-4BAB-9D7B-5753F04D4041} = {53F98431-B0D3-8B79-87E0-9BCA30189937}
		{CFA26A75-9276-4354-A3AC-BD7DCF73C97D} = {79DA8559-31E0-4930-8895-2A3AFC813A70}
		{F3C2DFC1-AD80-48D0-9C09-99F1AC38AD14} = {53F98431-B0D3-8B79-87E0-9BCA30189937}
		{7F0C22FD-5E77-487D-B413-AA82EDA63A74} = {53F98431-B0D3-8B79-87E0-9BCA30189937}
		{2C99EF11-B5C6-4630-8FA9-6EEF6F165F48} = {79DA8559-31E0-4930-8895-2A3AFC813A70}
		{0B5E441C-4557-422A-9752-BE3A9FBC3F1F} = {80AB057D-87B1-47DE-85E7-01CCDC1A1212}
		{0829C294-B95C-4156-860E-F16B81BE97FB} = {80AB057D-87B1-47DE-85E7-01CCDC1A1212}
		{F3DF345E-5A55-4774-9FFD-12696A7A459C} = {80AB057D-87B1-47DE-85E7-01CCDC1A1212}
		{4466EE31-F3B1-48F2-B5D3-D5DE01C4437F} = {80AB057D-87B1-47DE-85E7-01CCDC1A1212}
		{63FD8F28-0C0C-43E8-9AD7-8F5C94FDE249} = {80AB057D-87B1-47DE-85E7-01CCDC1A1212}
		{FC324363-AE6E-4E0F-BF55-D82933967769} = {2F938EB3-DF40-4713-A019-639131F003FF}
		{FEB68CC9-63C5-45FC-B183-AE255FF7D449} = {44A433B9-1C0D-433B-A794-41AA744250B5}
	EndGlobalSection
EndGlobal
